{
    "_readme": [
        "This file locks the dependencies of your project to a known state",
        "Read more about it at https://getcomposer.org/doc/01-basic-usage.md#installing-dependencies",
        "This file is @generated automatically"
    ],
    "content-hash": "4a9b2f42f934d28bd194f3b2e2d8a0c7",
    "packages": [
        {
            "name": "ip2location/ip2location-php",
            "version": "8.3.0",
            "source": {
                "type": "git",
                "url": "https://github.com/chrislim2888/IP2Location-PHP-Module.git",
                "reference": "4c501aa1f666ae85eab84d4df9d19399f2e6ce15"
            },
            "dist": {
                "type": "zip",
                "url": "https://api.github.com/repos/chrislim2888/IP2Location-PHP-Module/zipball/4c501aa1f666ae85eab84d4df9d19399f2e6ce15",
                "reference": "4c501aa1f666ae85eab84d4df9d19399f2e6ce15",
                "shasum": "",
                "mirrors": [
                    {
                        "url": "https://mirrors.aliyun.com/composer/dists/%package%/%reference%.%type%",
                        "preferred": true
                    }
                ]
            },
            "type": "library",
            "autoload": {
                "classmap": [
                    "IP2Location.php"
                ]
            },
            "notification-url": "https://packagist.org/downloads/",
            "license": [
                "MIT"
            ],
            "authors": [
                {
                    "name": "IP2Location",
                    "email": "support@ip2location.com",
                    "homepage": "http://www.ip2location.com"
                }
            ],
            "description": "[Official Release] IP2Location PHP API to get location info from IPv4 and IPv6 address.",
            "homepage": "http://www.ip2location.com",
            "keywords": [
                "geolocation",
                "ip2location",
                "ip2locationlite"
            ],
            "time": "2020-11-23T04:30:39+00:00"
        },
        {
            "name": "ipip/db",
            "version": "v1.0.0",
            "source": {
                "type": "git",
                "url": "https://github.com/ipipdotnet/ipdb-php.git",
                "reference": "af42bf28b37dc76beccd7bbe2b0b0572e21f42cf"
            },
            "dist": {
                "type": "zip",
                "url": "https://api.github.com/repos/ipipdotnet/ipdb-php/zipball/af42bf28b37dc76beccd7bbe2b0b0572e21f42cf",
                "reference": "af42bf28b37dc76beccd7bbe2b0b0572e21f42cf",
                "shasum": "",
                "mirrors": [
                    {
                        "url": "https://mirrors.aliyun.com/composer/dists/%package%/%reference%.%type%",
                        "preferred": true
                    }
                ]
            },
            "require": {
                "php": ">=5.4.0"
            },
            "type": "library",
            "autoload": {
                "psr-4": {
                    "ipip\\db\\": "src/ipip/db/"
                }
            },
            "notification-url": "https://packagist.org/downloads/",
            "license": [
                "Apache-2.0"
            ],
            "authors": [
                {
                    "name": "IPIP.net",
                    "email": "frk@ipip.net",
                    "homepage": "https://www.ipip.net"
                }
            ],
            "description": "IPIP.net officially supported IP database ipdb format parsing library",
            "homepage": "https://www.ipip.net",
            "keywords": [
                "IP",
                "geo",
                "geoip",
                "geolocation",
                "ipdb",
                "ipip.net"
            ],
            "time": "2018-11-01T08:07:04+00:00"
        },
        {
            "name": "itbdw/ip-database",
            "version": "v2.0.9",
            "source": {
                "type": "git",
                "url": "https://github.com/itbdw/ip-database.git",
                "reference": "f16b66269e9f0828599074228ded2385d0bda97e"
            },
            "dist": {
                "type": "zip",
                "url": "https://api.github.com/repos/itbdw/ip-database/zipball/f16b66269e9f0828599074228ded2385d0bda97e",
                "reference": "f16b66269e9f0828599074228ded2385d0bda97e",
                "shasum": "",
                "mirrors": [
                    {
                        "url": "https://mirrors.aliyun.com/composer/dists/%package%/%reference%.%type%",
                        "preferred": true
                    }
                ]
            },
            "require": {
                "ext-iconv": "*",
                "ext-json": "*",
                "ext-mbstring": "*",
                "php": "~5.4|~7.0"
            },
            "type": "library",
            "autoload": {
                "psr-4": {
                    "itbdw\\Ip\\": "src/"
                }
            },
            "notification-url": "https://packagist.org/downloads/",
            "license": [
                "MIT"
            ],
            "authors": [
                {
                    "name": "itbdw",
                    "email": "itbudaoweng@gmail.com",
                    "homepage": "http://github.com/itbdw",
                    "role": "Developer"
                }
            ],
            "description": "免费IP地址数据库(纯真IP地址数据库，输出格式为国家、省、市、县、运营商)❤️ 🇨🇳，中文数据库",
            "keywords": [
                "IP",
                "IP地址库",
                "IP数据库",
                "database",
                "location",
                "qqwry",
                "数据库",
                "纯真IP地址库"
            ],
            "funding": [
                {
                    "url": "https://wx1.sinaimg.cn/large/6b94a2e5ly1gjoqqrkup8j20u00u0wh1.jpg",
                    "type": "custom"
                }
            ],
            "time": "2020-11-06T17:54:36+00:00"
        },
        {
            "name": "maxmind-db/reader",
            "version": "v1.9.0",
            "source": {
                "type": "git",
                "url": "https://github.com/maxmind/MaxMind-DB-Reader-php.git",
                "reference": "9ee9ba9ee287b119e9f5a8e8dbfea0b49647cec4"
            },
            "dist": {
                "type": "zip",
                "url": "https://api.github.com/repos/maxmind/MaxMind-DB-Reader-php/zipball/9ee9ba9ee287b119e9f5a8e8dbfea0b49647cec4",
                "reference": "9ee9ba9ee287b119e9f5a8e8dbfea0b49647cec4",
                "shasum": "",
                "mirrors": [
                    {
                        "url": "https://mirrors.aliyun.com/composer/dists/%package%/%reference%.%type%",
                        "preferred": true
                    }
                ]
            },
            "require": {
                "php": ">=7.2"
            },
            "conflict": {
                "ext-maxminddb": "<1.9.0,>=2.0.0"
            },
            "require-dev": {
                "friendsofphp/php-cs-fixer": "*",
                "php-coveralls/php-coveralls": "^2.1",
                "phpunit/phpcov": ">=6.0.0",
                "phpunit/phpunit": ">=8.0.0,<10.0.0",
                "squizlabs/php_codesniffer": "3.*"
            },
            "suggest": {
                "ext-bcmath": "bcmath or gmp is required for decoding larger integers with the pure PHP decoder",
                "ext-gmp": "bcmath or gmp is required for decoding larger integers with the pure PHP decoder",
                "ext-maxminddb": "A C-based database decoder that provides significantly faster lookups"
            },
            "type": "library",
            "autoload": {
                "psr-4": {
                    "MaxMind\\Db\\": "src/MaxMind/Db"
                }
            },
            "notification-url": "https://packagist.org/downloads/",
            "license": [
                "Apache-2.0"
            ],
            "authors": [
                {
                    "name": "Gregory J. Oschwald",
                    "email": "goschwald@maxmind.com",
                    "homepage": "https://www.maxmind.com/"
                }
            ],
            "description": "MaxMind DB Reader API",
            "homepage": "https://github.com/maxmind/MaxMind-DB-Reader-php",
            "keywords": [
                "database",
                "geoip",
                "geoip2",
                "geolocation",
                "maxmind"
            ],
            "time": "2021-01-07T21:15:29+00:00"
        },
        {
            "name": "zoujingli/ip2region",
            "version": "v1.0.9",
            "source": {
                "type": "git",
                "url": "https://github.com/zoujingli/ip2region.git",
                "reference": "e48f9122f50dd3b79295e35b4acdd0dcd2608ca8"
            },
            "dist": {
                "type": "zip",
                "url": "https://api.github.com/repos/zoujingli/ip2region/zipball/e48f9122f50dd3b79295e35b4acdd0dcd2608ca8",
                "reference": "e48f9122f50dd3b79295e35b4acdd0dcd2608ca8",
                "shasum": "",
                "mirrors": [
                    {
                        "url": "https://mirrors.aliyun.com/composer/dists/%package%/%reference%.%type%",
                        "preferred": true
                    }
                ]
            },
            "require": {
                "php": ">=5.3"
            },
            "type": "library",
            "autoload": {
                "classmap": [
                    "Ip2Region.php"
                ]
            },
            "notification-url": "https://packagist.org/downloads/",
            "license": [
                "Apache-2.0"
            ],
            "authors": [
                {
                    "name": "Anyon",
                    "email": "zoujingli@qq.com",
                    "homepage": "http://ctolog.com"
                }
            ],
            "description": "Ip2Region for PHP",
            "homepage": "https://github.com/zoujingli/Ip2Region",
            "keywords": [
                "Ip2Region"
            ],
            "time": "2020-11-06T07:21:55+00:00"
        }
    ],
    "packages-dev": [],
    "aliases": [],
    "minimum-stability": "stable",
    "stability-flags": [],
    "prefer-stable": false,
    "prefer-lowest": false,
    "platform": {
        "ext-json": "*"
    },
    "platform-dev": [],
    "plugin-api-version": "1.1.0"
}
